
Microsoft Visual Studio Solution File, Format Version 12.00
# Visual Studio Version 17
VisualStudioVersion = 17.5.2.0
MinimumVisualStudioVersion = 10.0.40219.1
Project("{FAE04EC0-301F-11D3-BF4B-00C04F79EFBC}") = "Larproj.Tests", "Larproj.Tests\Larproj.Tests.csproj", "{5B3A9B77-4089-4B74-B6C0-FCD8D8301AA3}"
EndProject
Project("{FAE04EC0-301F-11D3-BF4B-00C04F79EFBC}") = "Larproj", "Larproj\Larproj.csproj", "{13AED3F3-F17D-4633-AF03-E3CAE76157E7}"
EndProject
Global
	GlobalSection(SolutionConfigurationPlatforms) = preSolution
		Debug|Any CPU = Debug|Any CPU
		Debug|x64 = Debug|x64
		Debug|x86 = Debug|x86
		Release|Any CPU = Release|Any CPU
		Release|x64 = Release|x64
		Release|x86 = Release|x86
	EndGlobalSection
	GlobalSection(ProjectConfigurationPlatforms) = postSolution
		{5B3A9B77-4089-4B74-B6C0-FCD8D8301AA3}.Debug|Any CPU.ActiveCfg = Debug|Any CPU
		{5B3A9B77-4089-4B74-B6C0-FCD8D8301AA3}.Debug|Any CPU.Build.0 = Debug|Any CPU
		{5B3A9B77-4089-4B74-B6C0-FCD8D8301AA3}.Debug|x64.ActiveCfg = Debug|Any CPU
		{5B3A9B77-4089-4B74-B6C0-FCD8D8301AA3}.Debug|x64.Build.0 = Debug|Any CPU
		{5B3A9B77-4089-4B74-B6C0-FCD8D8301AA3}.Debug|x86.ActiveCfg = Debug|Any CPU
		{5B3A9B77-4089-4B74-B6C0-FCD8D8301AA3}.Debug|x86.Build.0 = Debug|Any CPU
		{5B3A9B77-4089-4B74-B6C0-FCD8D8301AA3}.Release|Any CPU.ActiveCfg = Release|Any CPU
		{5B3A9B77-4089-4B74-B6C0-FCD8D8301AA3}.Release|Any CPU.Build.0 = Release|Any CPU
		{5B3A9B77-4089-4B74-B6C0-FCD8D8301AA3}.Release|x64.ActiveCfg = Release|Any CPU
		{5B3A9B77-4089-4B74-B6C0-FCD8D8301AA3}.Release|x64.Build.0 = Release|Any CPU
		{5B3A9B77-4089-4B74-B6C0-FCD8D8301AA3}.Release|x86.ActiveCfg = Release|Any CPU
		{5B3A9B77-4089-4B74-B6C0-FCD8D8301AA3}.Release|x86.Build.0 = Release|Any CPU
		{13AED3F3-F17D-4633-AF03-E3CAE76157E7}.Debug|Any CPU.ActiveCfg = Debug|Any CPU
		{13AED3F3-F17D-4633-AF03-E3CAE76157E7}.Debug|Any CPU.Build.0 = Debug|Any CPU
		{13AED3F3-F17D-4633-AF03-E3CAE76157E7}.Debug|x64.ActiveCfg = Debug|Any CPU
		{13AED3F3-F17D-4633-AF03-E3CAE76157E7}.Debug|x64.Build.0 = Debug|Any CPU
		{13AED3F3-F17D-4633-AF03-E3CAE76157E7}.Debug|x86.ActiveCfg = Debug|Any CPU
		{13AED3F3-F17D-4633-AF03-E3CAE76157E7}.Debug|x86.Build.0 = Debug|Any CPU
		{13AED3F3-F17D-4633-AF03-E3CAE76157E7}.Release|Any CPU.ActiveCfg = Release|Any CPU
		{13AED3F3-F17D-4633-AF03-E3CAE76157E7}.Release|Any CPU.Build.0 = Release|Any CPU
		{13AED3F3-F17D-4633-AF03-E3CAE76157E7}.Release|x64.ActiveCfg = Release|Any CPU
		{13AED3F3-F17D-4633-AF03-E3CAE76157E7}.Release|x64.Build.0 = Release|Any CPU
		{13AED3F3-F17D-4633-AF03-E3CAE76157E7}.Release|x86.ActiveCfg = Release|Any CPU
		{13AED3F3-F17D-4633-AF03-E3CAE76157E7}.Release|x86.Build.0 = Release|Any CPU
	EndGlobalSection
	GlobalSection(SolutionProperties) = preSolution
		HideSolutionNode = FALSE
	EndGlobalSection
	GlobalSection(ExtensibilityGlobals) = postSolution
		SolutionGuid = {6B2AF7D6-FC90-4428-8E77-F6CB11E7417C}
	EndGlobalSection
EndGlobal
